{
  "format_version": "0.1",
  "terraform_version": "0.14.7",
  "variables": {
    "app_service_name": { "value": "terraform-demo-808" },
    "app_service_plan_name": { "value": "my-appserviceplan" },
    "resource_group_location": { "value": "West Europe" },
    "resource_group_name": { "value": "My_Terraform_RG" }
  },
  "planned_values": {
    "outputs": {
      "webapp_ips": { "sensitive": false },
      "webapp_url": { "sensitive": false }
    },
    "root_module": {
      "resources": [
        {
          "address": "azurerm_app_service.example",
          "mode": "managed",
          "type": "azurerm_app_service",
          "name": "example",
          "provider_name": "registry.terraform.io/hashicorp/azurerm",
          "schema_version": 0,
          "values": {
            "app_service_plan_id": "/subscriptions/fac5f822-b793-44fc-95da-5cfb50042622/resourceGroups/My_Terraform_RG/providers/Microsoft.Web/serverfarms/my-appserviceplan",
            "app_settings": { "SOME_KEY": "some-value" },
            "backup": [],
            "client_affinity_enabled": false,
            "client_cert_enabled": false,
            "connection_string": [
              {
                "name": "Database",
                "type": "SQLServer",
                "value": "Server=some-server.mydomain.com;Integrated Security=SSPI"
              }
            ],
            "enabled": true,
            "https_only": false,
            "location": "westeurope",
            "name": "terraform-demo-808",
            "resource_group_name": "My_Terraform_RG",
            "site_config": [
              {
                "always_on": false,
                "app_command_line": null,
                "auto_swap_slot_name": null,
                "default_documents": null,
                "dotnet_framework_version": "v4.0",
                "health_check_path": null,
                "http2_enabled": false,
                "java_container": null,
                "java_container_version": null,
                "java_version": null,
                "php_version": null,
                "python_version": null,
                "remote_debugging_enabled": false,
                "scm_type": "LocalGit",
                "scm_use_main_ip_restriction": false,
                "use_32_bit_worker_process": null
              }
            ],
            "tags": null,
            "timeouts": null
          }
        },
        {
          "address": "azurerm_app_service_plan.example",
          "mode": "managed",
          "type": "azurerm_app_service_plan",
          "name": "example",
          "provider_name": "registry.terraform.io/hashicorp/azurerm",
          "schema_version": 0,
          "values": {
            "app_service_environment_id": "",
            "id": "/subscriptions/fac5f822-b793-44fc-95da-5cfb50042622/resourceGroups/My_Terraform_RG/providers/Microsoft.Web/serverfarms/my-appserviceplan",
            "is_xenon": false,
            "kind": "Windows",
            "location": "westeurope",
            "maximum_elastic_worker_count": 1,
            "maximum_number_of_workers": 10,
            "name": "my-appserviceplan",
            "per_site_scaling": false,
            "reserved": false,
            "resource_group_name": "My_Terraform_RG",
            "sku": [{ "capacity": 1, "size": "S1", "tier": "Standard" }],
            "tags": {},
            "timeouts": null
          }
        },
        {
          "address": "azurerm_resource_group.example",
          "mode": "managed",
          "type": "azurerm_resource_group",
          "name": "example",
          "provider_name": "registry.terraform.io/hashicorp/azurerm",
          "schema_version": 0,
          "values": {
            "id": "/subscriptions/fac5f822-b793-44fc-95da-5cfb50042622/resourceGroups/My_Terraform_RG",
            "location": "westeurope",
            "name": "My_Terraform_RG",
            "tags": {},
            "timeouts": null
          }
        }
      ]
    }
  },
  "resource_changes": [
    {
      "address": "azurerm_app_service.example",
      "mode": "managed",
      "type": "azurerm_app_service",
      "name": "example",
      "provider_name": "registry.terraform.io/hashicorp/azurerm",
      "change": {
        "actions": ["delete", "create"],
        "before": {
          "app_service_plan_id": "/subscriptions/fac5f822-b793-44fc-95da-5cfb50042622/resourceGroups/My_Terraform_RG/providers/Microsoft.Web/serverfarms/my-appserviceplan",
          "app_settings": { "SOME_KEY": "some-value" },
          "auth_settings": [
            {
              "active_directory": [],
              "additional_login_params": {},
              "allowed_external_redirect_urls": [],
              "default_provider": "",
              "enabled": false,
              "facebook": [],
              "google": [],
              "issuer": "",
              "microsoft": [],
              "runtime_version": "",
              "token_refresh_extension_hours": 0,
              "token_store_enabled": false,
              "twitter": [],
              "unauthenticated_client_action": ""
            }
          ],
          "backup": [],
          "client_affinity_enabled": false,
          "client_cert_enabled": false,
          "connection_string": [
            {
              "name": "Database",
              "type": "SQLServer",
              "value": "Server=some-server.mydomain.com;Integrated Security=SSPI"
            }
          ],
          "custom_domain_verification_id": "0BA14CF3FA932ED9019443852DBB3A19DB6EE1E02ED33F82CF048F943CFD84EF",
          "default_site_hostname": "terraform-demo-909.azurewebsites.net",
          "enabled": true,
          "https_only": false,
          "id": "/subscriptions/fac5f822-b793-44fc-95da-5cfb50042622/resourceGroups/My_Terraform_RG/providers/Microsoft.Web/sites/terraform-demo-909",
          "identity": [],
          "location": "westeurope",
          "logs": [
            {
              "application_logs": [
                { "azure_blob_storage": [], "file_system_level": "Off" }
              ],
              "http_logs": [{ "azure_blob_storage": [], "file_system": [] }]
            }
          ],
          "name": "terraform-demo-909",
          "outbound_ip_addresses": "13.69.68.7,52.174.236.207,52.174.236.246,52.174.236.136,52.232.16.136",
          "possible_outbound_ip_addresses": "13.69.68.7,52.174.236.207,52.174.236.246,52.174.236.136,52.232.16.136,52.232.23.166,52.174.236.251,52.174.236.214",
          "resource_group_name": "My_Terraform_RG",
          "site_config": [
            {
              "always_on": false,
              "app_command_line": "",
              "auto_swap_slot_name": "",
              "cors": [{ "allowed_origins": [], "support_credentials": false }],
              "default_documents": [],
              "dotnet_framework_version": "v4.0",
              "ftps_state": "AllAllowed",
              "health_check_path": "",
              "http2_enabled": false,
              "ip_restriction": [],
              "java_container": "",
              "java_container_version": "",
              "java_version": "",
              "linux_fx_version": "",
              "local_mysql_enabled": false,
              "managed_pipeline_mode": "Integrated",
              "min_tls_version": "1.2",
              "php_version": "",
              "python_version": "",
              "remote_debugging_enabled": false,
              "remote_debugging_version": "VS2019",
              "scm_ip_restriction": [],
              "scm_type": "LocalGit",
              "scm_use_main_ip_restriction": false,
              "use_32_bit_worker_process": false,
              "websockets_enabled": false,
              "windows_fx_version": ""
            }
          ],
          "site_credential": [
            {
              "password": "lszwQNiKxrXNWpPRHkJDCuKtcsrt3Nnortfq3xW8M9bCkfGmtfRKe4AK3hem",
              "username": "$terraform-demo-909"
            }
          ],
          "source_control": [
            {
              "branch": "master",
              "manual_integration": false,
              "repo_url": "https://terraform-demo-909.scm.azurewebsites.net",
              "rollback_enabled": false,
              "use_mercurial": false
            }
          ],
          "storage_account": [],
          "tags": {},
          "timeouts": null
        },
        "after": {
          "app_service_plan_id": "/subscriptions/fac5f822-b793-44fc-95da-5cfb50042622/resourceGroups/My_Terraform_RG/providers/Microsoft.Web/serverfarms/my-appserviceplan",
          "app_settings": { "SOME_KEY": "some-value" },
          "backup": [],
          "client_affinity_enabled": false,
          "client_cert_enabled": false,
          "connection_string": [
            {
              "name": "Database",
              "type": "SQLServer",
              "value": "Server=some-server.mydomain.com;Integrated Security=SSPI"
            }
          ],
          "enabled": true,
          "https_only": false,
          "location": "westeurope",
          "name": "terraform-demo-808",
          "resource_group_name": "My_Terraform_RG",
          "site_config": [
            {
              "always_on": false,
              "app_command_line": null,
              "auto_swap_slot_name": null,
              "default_documents": null,
              "dotnet_framework_version": "v4.0",
              "health_check_path": null,
              "http2_enabled": false,
              "java_container": null,
              "java_container_version": null,
              "java_version": null,
              "php_version": null,
              "python_version": null,
              "remote_debugging_enabled": false,
              "scm_type": "LocalGit",
              "scm_use_main_ip_restriction": false,
              "use_32_bit_worker_process": null
            }
          ],
          "tags": null,
          "timeouts": null
        },
        "after_unknown": {
          "app_settings": {},
          "auth_settings": true,
          "backup": [],
          "connection_string": [{}],
          "custom_domain_verification_id": true,
          "default_site_hostname": true,
          "id": true,
          "identity": true,
          "logs": true,
          "outbound_ip_addresses": true,
          "possible_outbound_ip_addresses": true,
          "site_config": [
            {
              "cors": true,
              "ftps_state": true,
              "ip_restriction": true,
              "linux_fx_version": true,
              "local_mysql_enabled": true,
              "managed_pipeline_mode": true,
              "min_tls_version": true,
              "remote_debugging_version": true,
              "scm_ip_restriction": true,
              "websockets_enabled": true,
              "windows_fx_version": true
            }
          ],
          "site_credential": true,
          "source_control": true,
          "storage_account": true
        }
      }
    },
    {
      "address": "azurerm_app_service_plan.example",
      "mode": "managed",
      "type": "azurerm_app_service_plan",
      "name": "example",
      "provider_name": "registry.terraform.io/hashicorp/azurerm",
      "change": {
        "actions": ["no-op"],
        "before": {
          "app_service_environment_id": "",
          "id": "/subscriptions/fac5f822-b793-44fc-95da-5cfb50042622/resourceGroups/My_Terraform_RG/providers/Microsoft.Web/serverfarms/my-appserviceplan",
          "is_xenon": false,
          "kind": "Windows",
          "location": "westeurope",
          "maximum_elastic_worker_count": 1,
          "maximum_number_of_workers": 10,
          "name": "my-appserviceplan",
          "per_site_scaling": false,
          "reserved": false,
          "resource_group_name": "My_Terraform_RG",
          "sku": [{ "capacity": 1, "size": "S1", "tier": "Standard" }],
          "tags": {},
          "timeouts": null
        },
        "after": {
          "app_service_environment_id": "",
          "id": "/subscriptions/fac5f822-b793-44fc-95da-5cfb50042622/resourceGroups/My_Terraform_RG/providers/Microsoft.Web/serverfarms/my-appserviceplan",
          "is_xenon": false,
          "kind": "Windows",
          "location": "westeurope",
          "maximum_elastic_worker_count": 1,
          "maximum_number_of_workers": 10,
          "name": "my-appserviceplan",
          "per_site_scaling": false,
          "reserved": false,
          "resource_group_name": "My_Terraform_RG",
          "sku": [{ "capacity": 1, "size": "S1", "tier": "Standard" }],
          "tags": {},
          "timeouts": null
        },
        "after_unknown": {}
      }
    },
    {
      "address": "azurerm_resource_group.example",
      "mode": "managed",
      "type": "azurerm_resource_group",
      "name": "example",
      "provider_name": "registry.terraform.io/hashicorp/azurerm",
      "change": {
        "actions": ["no-op"],
        "before": {
          "id": "/subscriptions/fac5f822-b793-44fc-95da-5cfb50042622/resourceGroups/My_Terraform_RG",
          "location": "westeurope",
          "name": "My_Terraform_RG",
          "tags": {},
          "timeouts": null
        },
        "after": {
          "id": "/subscriptions/fac5f822-b793-44fc-95da-5cfb50042622/resourceGroups/My_Terraform_RG",
          "location": "westeurope",
          "name": "My_Terraform_RG",
          "tags": {},
          "timeouts": null
        },
        "after_unknown": {}
      }
    }
  ],
  "output_changes": {
    "webapp_ips": {
      "actions": ["update"],
      "before": "13.69.68.7,52.174.236.207,52.174.236.246,52.174.236.136,52.232.16.136",
      "after_unknown": true
    },
    "webapp_url": {
      "actions": ["update"],
      "before": "terraform-demo-909.azurewebsites.net",
      "after_unknown": true
    }
  },
  "prior_state": {
    "format_version": "0.1",
    "terraform_version": "0.14.7",
    "values": {
      "outputs": {
        "webapp_ips": {
          "sensitive": false,
          "value": "13.69.68.7,52.174.236.207,52.174.236.246,52.174.236.136,52.232.16.136"
        },
        "webapp_url": {
          "sensitive": false,
          "value": "terraform-demo-909.azurewebsites.net"
        }
      },
      "root_module": {
        "resources": [
          {
            "address": "azurerm_app_service.example",
            "mode": "managed",
            "type": "azurerm_app_service",
            "name": "example",
            "provider_name": "registry.terraform.io/hashicorp/azurerm",
            "schema_version": 0,
            "values": {
              "app_service_plan_id": "/subscriptions/fac5f822-b793-44fc-95da-5cfb50042622/resourceGroups/My_Terraform_RG/providers/Microsoft.Web/serverfarms/my-appserviceplan",
              "app_settings": { "SOME_KEY": "some-value" },
              "auth_settings": [
                {
                  "active_directory": [],
                  "additional_login_params": {},
                  "allowed_external_redirect_urls": [],
                  "default_provider": "",
                  "enabled": false,
                  "facebook": [],
                  "google": [],
                  "issuer": "",
                  "microsoft": [],
                  "runtime_version": "",
                  "token_refresh_extension_hours": 0,
                  "token_store_enabled": false,
                  "twitter": [],
                  "unauthenticated_client_action": ""
                }
              ],
              "backup": [],
              "client_affinity_enabled": false,
              "client_cert_enabled": false,
              "connection_string": [
                {
                  "name": "Database",
                  "type": "SQLServer",
                  "value": "Server=some-server.mydomain.com;Integrated Security=SSPI"
                }
              ],
              "custom_domain_verification_id": "0BA14CF3FA932ED9019443852DBB3A19DB6EE1E02ED33F82CF048F943CFD84EF",
              "default_site_hostname": "terraform-demo-909.azurewebsites.net",
              "enabled": true,
              "https_only": false,
              "id": "/subscriptions/fac5f822-b793-44fc-95da-5cfb50042622/resourceGroups/My_Terraform_RG/providers/Microsoft.Web/sites/terraform-demo-909",
              "identity": [],
              "location": "westeurope",
              "logs": [
                {
                  "application_logs": [
                    { "azure_blob_storage": [], "file_system_level": "Off" }
                  ],
                  "http_logs": [{ "azure_blob_storage": [], "file_system": [] }]
                }
              ],
              "name": "terraform-demo-909",
              "outbound_ip_addresses": "13.69.68.7,52.174.236.207,52.174.236.246,52.174.236.136,52.232.16.136",
              "possible_outbound_ip_addresses": "13.69.68.7,52.174.236.207,52.174.236.246,52.174.236.136,52.232.16.136,52.232.23.166,52.174.236.251,52.174.236.214",
              "resource_group_name": "My_Terraform_RG",
              "site_config": [
                {
                  "always_on": false,
                  "app_command_line": "",
                  "auto_swap_slot_name": "",
                  "cors": [
                    { "allowed_origins": [], "support_credentials": false }
                  ],
                  "default_documents": [],
                  "dotnet_framework_version": "v4.0",
                  "ftps_state": "AllAllowed",
                  "health_check_path": "",
                  "http2_enabled": false,
                  "ip_restriction": [],
                  "java_container": "",
                  "java_container_version": "",
                  "java_version": "",
                  "linux_fx_version": "",
                  "local_mysql_enabled": false,
                  "managed_pipeline_mode": "Integrated",
                  "min_tls_version": "1.2",
                  "php_version": "",
                  "python_version": "",
                  "remote_debugging_enabled": false,
                  "remote_debugging_version": "VS2019",
                  "scm_ip_restriction": [],
                  "scm_type": "LocalGit",
                  "scm_use_main_ip_restriction": false,
                  "use_32_bit_worker_process": false,
                  "websockets_enabled": false,
                  "windows_fx_version": ""
                }
              ],
              "site_credential": [
                {
                  "password": "lszwQNiKxrXNWpPRHkJDCuKtcsrt3Nnortfq3xW8M9bCkfGmtfRKe4AK3hem",
                  "username": "$terraform-demo-909"
                }
              ],
              "source_control": [
                {
                  "branch": "master",
                  "manual_integration": false,
                  "repo_url": "https://terraform-demo-909.scm.azurewebsites.net",
                  "rollback_enabled": false,
                  "use_mercurial": false
                }
              ],
              "storage_account": [],
              "tags": {},
              "timeouts": null
            },
            "depends_on": [
              "azurerm_app_service_plan.example",
              "azurerm_resource_group.example"
            ]
          },
          {
            "address": "azurerm_app_service_plan.example",
            "mode": "managed",
            "type": "azurerm_app_service_plan",
            "name": "example",
            "provider_name": "registry.terraform.io/hashicorp/azurerm",
            "schema_version": 0,
            "values": {
              "app_service_environment_id": "",
              "id": "/subscriptions/fac5f822-b793-44fc-95da-5cfb50042622/resourceGroups/My_Terraform_RG/providers/Microsoft.Web/serverfarms/my-appserviceplan",
              "is_xenon": false,
              "kind": "Windows",
              "location": "westeurope",
              "maximum_elastic_worker_count": 1,
              "maximum_number_of_workers": 10,
              "name": "my-appserviceplan",
              "per_site_scaling": false,
              "reserved": false,
              "resource_group_name": "My_Terraform_RG",
              "sku": [{ "capacity": 1, "size": "S1", "tier": "Standard" }],
              "tags": {},
              "timeouts": null
            },
            "depends_on": ["azurerm_resource_group.example"]
          },
          {
            "address": "azurerm_resource_group.example",
            "mode": "managed",
            "type": "azurerm_resource_group",
            "name": "example",
            "provider_name": "registry.terraform.io/hashicorp/azurerm",
            "schema_version": 0,
            "values": {
              "id": "/subscriptions/fac5f822-b793-44fc-95da-5cfb50042622/resourceGroups/My_Terraform_RG",
              "location": "westeurope",
              "name": "My_Terraform_RG",
              "tags": {},
              "timeouts": null
            }
          }
        ]
      }
    }
  },
  "configuration": {
    "provider_config": {
      "azurerm": {
        "name": "azurerm",
        "version_constraint": "2.40.0",
        "expressions": { "features": [{}] }
      }
    },
    "root_module": {
      "outputs": {
        "webapp_ips": {
          "expression": { "references": ["azurerm_app_service.example"] }
        },
        "webapp_url": {
          "expression": { "references": ["azurerm_app_service.example"] }
        }
      },
      "resources": [
        {
          "address": "azurerm_app_service.example",
          "mode": "managed",
          "type": "azurerm_app_service",
          "name": "example",
          "provider_config_key": "azurerm",
          "expressions": {
            "app_service_plan_id": {
              "references": ["azurerm_app_service_plan.example"]
            },
            "app_settings": { "constant_value": { "SOME_KEY": "some-value" } },
            "connection_string": [
              {
                "name": { "constant_value": "Database" },
                "type": { "constant_value": "SQLServer" },
                "value": {
                  "constant_value": "Server=some-server.mydomain.com;Integrated Security=SSPI"
                }
              }
            ],
            "location": { "references": ["azurerm_resource_group.example"] },
            "name": { "references": ["var.app_service_name"] },
            "resource_group_name": {
              "references": ["azurerm_resource_group.example"]
            },
            "site_config": [
              {
                "dotnet_framework_version": { "constant_value": "v4.0" },
                "scm_type": { "constant_value": "LocalGit" }
              }
            ]
          },
          "schema_version": 0
        },
        {
          "address": "azurerm_app_service_plan.example",
          "mode": "managed",
          "type": "azurerm_app_service_plan",
          "name": "example",
          "provider_config_key": "azurerm",
          "expressions": {
            "location": { "references": ["azurerm_resource_group.example"] },
            "name": { "references": ["var.app_service_plan_name"] },
            "resource_group_name": {
              "references": ["azurerm_resource_group.example"]
            },
            "sku": [
              {
                "size": { "constant_value": "S1" },
                "tier": { "constant_value": "Standard" }
              }
            ]
          },
          "schema_version": 0
        },
        {
          "address": "azurerm_resource_group.example",
          "mode": "managed",
          "type": "azurerm_resource_group",
          "name": "example",
          "provider_config_key": "azurerm",
          "expressions": {
            "location": { "references": ["var.resource_group_location"] },
            "name": { "references": ["var.resource_group_name"] }
          },
          "schema_version": 0
        }
      ],
      "variables": {
        "app_service_name": { "description": "App Service name in Azure" },
        "app_service_plan_name": {
          "description": "App Service plan name for azure"
        },
        "resource_group_location": { "description": "RG location in azure" },
        "resource_group_name": { "description": "RG name in azure" }
      }
    }
  }
}
